
Microsoft Visual Studio Solution File, Format Version 12.00
# Visual Studio Version 17
VisualStudioVersion = 17.8.34316.72
MinimumVisualStudioVersion = 10.0.40219.1
Project("{FAE04EC0-301F-11D3-BF4B-00C04F79EFBC}") = "ComicBookGalleryModel", "ComicBookGalleryModel\ComicBookGalleryModel.csproj", "{35ADCD3A-60ED-45C7-8019-A0004C2413B7}"
EndProject
Global
	GlobalSection(SolutionConfigurationPlatforms) = preSolution
		Debug|Any CPU = Debug|Any CPU
		Release|Any CPU = Release|Any CPU
	EndGlobalSection
	GlobalSection(ProjectConfigurationPlatforms) = postSolution
		{35ADCD3A-60ED-45C7-8019-A0004C2413B7}.Debug|Any CPU.ActiveCfg = Debug|Any CPU
		{35ADCD3A-60ED-45C7-8019-A0004C2413B7}.Debug|Any CPU.Build.0 = Debug|Any CPU
		{35ADCD3A-60ED-45C7-8019-A0004C2413B7}.Release|Any CPU.ActiveCfg = Release|Any CPU
		{35ADCD3A-60ED-45C7-8019-A0004C2413B7}.Release|Any CPU.Build.0 = Release|Any CPU
	EndGlobalSection
	GlobalSection(SolutionProperties) = preSolution
		HideSolutionNode = FALSE
	EndGlobalSection
	GlobalSection(ExtensibilityGlobals) = postSolution
		SolutionGuid = {A8EEB4B2-67AE-47B8-AF5E-599BEE55A7F7}
	EndGlobalSection
EndGlobal
